git.sr.ht/~poldi1405/glog v1.0.1 h1:WZHXG6/vCGFBXvnT/xSg9ixtaIP5EQV3GTCNGUBb3P4=
git.sr.ht/~poldi1405/glog v1.0.1/go.mod h1:r4bJf3Kv3X/d4hHnLx0mDJWHFi2Nb9pXm6U9DjN7fRQ=
mpldr.codes/ansi v1.5.0 h1:jAAtDMwU/DC7OPxmrVFpmM3RrSQDcMeLhuk6BuEoWZc=
mpldr.codes/ansi v1.5.0/go.mod h1:SYuKX0r6nxvySxMxzQX9frQaKLjEqKapjjg17euonMc=
